
Microsoft Visual Studio Solution File, Format Version 12.00
# Visual Studio 15
VisualStudioVersion = 15.0.28307.102
MinimumVisualStudioVersion = 10.0.40219.1
Project("{FAE04EC0-301F-11D3-BF4B-00C04F79EFBC}") = "Rodkulman.WarEternal.Server", "Rodkulman.WarEternal.Server\Rodkulman.WarEternal.Server.csproj", "{85B93AE7-74E1-4590-B169-D3D8A5A1C05E}"
EndProject
Global
	GlobalSection(SolutionConfigurationPlatforms) = preSolution
		Debug|Any CPU = Debug|Any CPU
		Release|Any CPU = Release|Any CPU
	EndGlobalSection
	GlobalSection(ProjectConfigurationPlatforms) = postSolution
		{85B93AE7-74E1-4590-B169-D3D8A5A1C05E}.Debug|Any CPU.ActiveCfg = Debug|Any CPU
		{85B93AE7-74E1-4590-B169-D3D8A5A1C05E}.Debug|Any CPU.Build.0 = Debug|Any CPU
		{85B93AE7-74E1-4590-B169-D3D8A5A1C05E}.Release|Any CPU.ActiveCfg = Release|Any CPU
		{85B93AE7-74E1-4590-B169-D3D8A5A1C05E}.Release|Any CPU.Build.0 = Release|Any CPU
	EndGlobalSection
	GlobalSection(SolutionProperties) = preSolution
		HideSolutionNode = FALSE
	EndGlobalSection
	GlobalSection(ExtensibilityGlobals) = postSolution
		SolutionGuid = {5CA8D470-3CE4-499A-BD3B-46886E2532A9}
	EndGlobalSection
EndGlobal
